
Microsoft Visual Studio Solution File, Format Version 12.00
# Visual Studio Version 17
VisualStudioVersion = 17.5.33414.496
MinimumVisualStudioVersion = 10.0.40219.1
Project("{FAE04EC0-301F-11D3-BF4B-00C04F79EFBC}") = "Buoi03Core", "Buoi03Core\Buoi03Core.csproj", "{B24BEB0C-772D-460B-BBDD-F2D100B83E83}"
EndProject
Global
	GlobalSection(SolutionConfigurationPlatforms) = preSolution
		Debug|Any CPU = Debug|Any CPU
		Release|Any CPU = Release|Any CPU
	EndGlobalSection
	GlobalSection(ProjectConfigurationPlatforms) = postSolution
		{B24BEB0C-772D-460B-BBDD-F2D100B83E83}.Debug|Any CPU.ActiveCfg = Debug|Any CPU
		{B24BEB0C-772D-460B-BBDD-F2D100B83E83}.Debug|Any CPU.Build.0 = Debug|Any CPU
		{B24BEB0C-772D-460B-BBDD-F2D100B83E83}.Release|Any CPU.ActiveCfg = Release|Any CPU
		{B24BEB0C-772D-460B-BBDD-F2D100B83E83}.Release|Any CPU.Build.0 = Release|Any CPU
	EndGlobalSection
	GlobalSection(SolutionProperties) = preSolution
		HideSolutionNode = FALSE
	EndGlobalSection
	GlobalSection(ExtensibilityGlobals) = postSolution
		SolutionGuid = {6C7099D8-6694-4EAD-BCF8-5C4308CF9526}
	EndGlobalSection
EndGlobal
